{
    "_readme": [
        "This file locks the dependencies of your project to a known state",
        "Read more about it at http://getcomposer.org/doc/01-basic-usage.md#composer-lock-the-lock-file",
        "This file is @generated automatically"
    ],
    "hash": "0e971e9ac9a09f930c1514136fa65fd6",
    "packages": [
        {
            "name": "dailymotion/sdk",
            "version": "dev-master",
            "source": {
                "type": "git",
                "url": "https://github.com/dailymotion/dailymotion-sdk-php.git",
<<<<<<< HEAD
                "reference": "a81fadbb6c8e80052f7131d1b2852a001d604a09"
            },
            "dist": {
                "type": "zip",
                "url": "https://api.github.com/repos/dailymotion/dailymotion-sdk-php/zipball/a81fadbb6c8e80052f7131d1b2852a001d604a09",
                "reference": "a81fadbb6c8e80052f7131d1b2852a001d604a09",
=======
                "reference": "22d6409fd69b627a75c15174eb301c67444c4744"
            },
            "dist": {
                "type": "zip",
                "url": "https://api.github.com/repos/dailymotion/dailymotion-sdk-php/zipball/22d6409fd69b627a75c15174eb301c67444c4744",
                "reference": "22d6409fd69b627a75c15174eb301c67444c4744",
>>>>>>> 363865fc5ae06d0f5a6bcfdbe837399386770a89
                "shasum": ""
            },
            "type": "library",
            "autoload": {
                "classmap": [
                    "Dailymotion.php"
                ]
            },
            "notification-url": "https://packagist.org/downloads/",
            "license": [
                "MIT"
            ],
            "description": "Dailymotion PHP SDK",
            "homepage": "http://dailymotion.com",
            "keywords": [
                "api",
                "dailymotion",
                "sdk"
            ],
<<<<<<< HEAD
            "time": "2014-03-10 14:40:27"
=======
            "time": "2014-07-28 09:34:04"
>>>>>>> 363865fc5ae06d0f5a6bcfdbe837399386770a89
        },
        {
            "name": "dandart/amqp",
            "version": "dev-master",
            "source": {
                "type": "git",
                "url": "https://github.com/dandart/amqp.git",
                "reference": "99da428de85106681982033e69bc3df699b2d7d8"
            },
            "dist": {
                "type": "zip",
                "url": "https://api.github.com/repos/dandart/amqp/zipball/99da428de85106681982033e69bc3df699b2d7d8",
                "reference": "99da428de85106681982033e69bc3df699b2d7d8",
                "shasum": ""
            },
            "require": {
                "ext-amqp": ">=1.2.0",
                "php": ">=5.3.0"
            },
            "type": "library",
            "autoload": {
                "psr-4": {
                    "Amqp\\": "src/"
                }
            },
            "license": [
                "AGPL-3.0"
            ],
            "authors": [
                {
                    "name": "Dan Dart",
                    "email": "chaplin@dandart.co.uk",
                    "homepage": "http://dandart.co.uk",
                    "role": "Developer"
                }
            ],
            "description": "Amqp proxy for dependency injection and testing",
            "homepage": "https://projectchaplin.com",
            "keywords": [
                "amqp",
                "rabbitmq"
            ],
            "support": {
                "email": "chaplin@dandart.co.uk",
                "source": "https://github.com/dandart/amqp/tree/master",
                "issues": "https://github.com/dandart/amqp/issues"
            },
            "time": "2014-07-28 10:37:05"
        },
        {
            "name": "mustache/mustache",
            "version": "dev-master",
            "source": {
                "type": "git",
                "url": "https://github.com/bobthecow/mustache.php.git",
                "reference": "1430ca884912eaba2b3830856b45685733b16789"
            },
            "dist": {
                "type": "zip",
                "url": "https://api.github.com/repos/bobthecow/mustache.php/zipball/1430ca884912eaba2b3830856b45685733b16789",
                "reference": "1430ca884912eaba2b3830856b45685733b16789",
                "shasum": ""
            },
            "require": {
                "php": ">=5.2.4"
            },
            "require-dev": {
                "phpunit/phpunit": "*"
            },
            "type": "library",
            "autoload": {
                "psr-0": {
                    "Mustache": "src/"
                }
            },
            "notification-url": "https://packagist.org/downloads/",
            "license": [
                "MIT"
            ],
            "authors": [
                {
                    "name": "Justin Hileman",
                    "email": "justin@justinhileman.info",
                    "homepage": "http://justinhileman.com"
                }
            ],
            "description": "A Mustache implementation in PHP.",
            "homepage": "https://github.com/bobthecow/mustache.php",
            "keywords": [
                "mustache",
                "templating"
            ],
            "time": "2014-06-20 19:34:49"
        },
        {
            "name": "robmorgan/phinx",
            "version": "dev-master",
            "source": {
                "type": "git",
<<<<<<< HEAD
                "url": "https://github.com/padraic/mockery.git",
                "reference": "a32c6ad986c061b40636b7da4fe30adc2a7451b5"
            },
            "dist": {
                "type": "zip",
                "url": "https://api.github.com/repos/padraic/mockery/zipball/a32c6ad986c061b40636b7da4fe30adc2a7451b5",
                "reference": "a32c6ad986c061b40636b7da4fe30adc2a7451b5",
=======
                "url": "https://github.com/robmorgan/phinx.git",
                "reference": "8ca9b50b85e389abd20b2e682ea7ae8eba69270c"
            },
            "dist": {
                "type": "zip",
                "url": "https://api.github.com/repos/robmorgan/phinx/zipball/8ca9b50b85e389abd20b2e682ea7ae8eba69270c",
                "reference": "8ca9b50b85e389abd20b2e682ea7ae8eba69270c",
>>>>>>> 363865fc5ae06d0f5a6bcfdbe837399386770a89
                "shasum": ""
            },
            "require": {
                "php": ">=5.3.2",
                "symfony/class-loader": "2.*",
                "symfony/config": "2.*",
                "symfony/console": "2.*",
                "symfony/yaml": "2.*"
            },
            "require-dev": {
                "phpunit/phpunit": "3.7.*",
                "squizlabs/php_codesniffer": "dev-phpcs-fixer"
            },
            "bin": [
                "bin/phinx"
            ],
            "type": "library",
            "autoload": {
                "psr-0": {
                    "Phinx": "src/"
                }
            },
            "notification-url": "https://packagist.org/downloads/",
            "license": [
                "MIT"
            ],
            "authors": [
                {
                    "name": "Rob Morgan",
                    "email": "robbym@gmail.com",
                    "homepage": "http://robmorgan.id.au",
                    "role": "Lead Developer"
                }
            ],
            "description": "Phinx makes it ridiculously easy to manage the database migrations for your PHP app.",
            "homepage": "http://phinx.org",
            "keywords": [
                "database",
                "database migrations",
                "db",
                "migrations",
                "phinx"
            ],
            "time": "2014-08-10 10:59:29"
        },
        {
            "name": "symfony/class-loader",
            "version": "v2.5.3",
            "target-dir": "Symfony/Component/ClassLoader",
            "source": {
                "type": "git",
                "url": "https://github.com/symfony/ClassLoader.git",
                "reference": "25b74b67d455268415d7d34b41f8b7df4cb33ba4"
            },
            "dist": {
                "type": "zip",
                "url": "https://api.github.com/repos/symfony/ClassLoader/zipball/25b74b67d455268415d7d34b41f8b7df4cb33ba4",
                "reference": "25b74b67d455268415d7d34b41f8b7df4cb33ba4",
                "shasum": ""
            },
            "require": {
                "php": ">=5.3.3"
            },
            "require-dev": {
                "symfony/finder": "~2.0"
            },
            "type": "library",
            "extra": {
                "branch-alias": {
                    "dev-master": "2.5-dev"
                }
            },
            "autoload": {
                "psr-0": {
                    "Symfony\\Component\\ClassLoader\\": ""
                }
            },
            "notification-url": "https://packagist.org/downloads/",
            "license": [
                "MIT"
            ],
            "authors": [
                {
                    "name": "Symfony Community",
                    "homepage": "http://symfony.com/contributors"
                },
                {
                    "name": "Fabien Potencier",
                    "email": "fabien@symfony.com"
                }
            ],
            "description": "Symfony ClassLoader Component",
            "homepage": "http://symfony.com",
            "time": "2014-07-09 09:05:48"
        },
        {
            "name": "symfony/config",
            "version": "v2.5.3",
            "target-dir": "Symfony/Component/Config",
            "source": {
                "type": "git",
                "url": "https://github.com/symfony/Config.git",
                "reference": "8d044668c7ccb4ade684e368d910e3aadcff6f6c"
            },
            "dist": {
                "type": "zip",
                "url": "https://api.github.com/repos/symfony/Config/zipball/8d044668c7ccb4ade684e368d910e3aadcff6f6c",
                "reference": "8d044668c7ccb4ade684e368d910e3aadcff6f6c",
                "shasum": ""
            },
            "require": {
                "php": ">=5.3.3",
                "symfony/filesystem": "~2.3"
            },
            "type": "library",
            "extra": {
                "branch-alias": {
                    "dev-master": "2.5-dev"
                }
            },
            "autoload": {
                "psr-0": {
                    "Symfony\\Component\\Config\\": ""
                }
            },
            "notification-url": "https://packagist.org/downloads/",
            "license": [
                "MIT"
            ],
            "authors": [
                {
                    "name": "Symfony Community",
                    "homepage": "http://symfony.com/contributors"
                },
                {
                    "name": "Fabien Potencier",
                    "email": "fabien@symfony.com"
                }
            ],
<<<<<<< HEAD
            "time": "2014-03-05 22:17:02"
=======
            "description": "Symfony Config Component",
            "homepage": "http://symfony.com",
            "time": "2014-08-05 09:00:40"
>>>>>>> 363865fc5ae06d0f5a6bcfdbe837399386770a89
        },
        {
            "name": "symfony/console",
            "version": "v2.5.3",
            "target-dir": "Symfony/Component/Console",
            "source": {
                "type": "git",
                "url": "https://github.com/symfony/Console.git",
                "reference": "cd2d1e4bac2206b337326b0140ff475fe9ad5f63"
            },
            "dist": {
                "type": "zip",
                "url": "https://api.github.com/repos/symfony/Console/zipball/cd2d1e4bac2206b337326b0140ff475fe9ad5f63",
                "reference": "cd2d1e4bac2206b337326b0140ff475fe9ad5f63",
                "shasum": ""
            },
            "require": {
                "php": ">=5.3.3"
            },
            "require-dev": {
                "psr/log": "~1.0",
                "symfony/event-dispatcher": "~2.1"
            },
            "suggest": {
                "psr/log": "For using the console logger",
                "symfony/event-dispatcher": ""
            },
            "type": "library",
            "extra": {
                "branch-alias": {
                    "dev-master": "2.5-dev"
                }
            },
            "autoload": {
                "psr-0": {
                    "Symfony\\Component\\Console\\": ""
                }
            },
            "notification-url": "https://packagist.org/downloads/",
            "license": [
                "MIT"
            ],
            "authors": [
                {
                    "name": "Symfony Community",
                    "homepage": "http://symfony.com/contributors"
                },
                {
                    "name": "Fabien Potencier",
                    "email": "fabien@symfony.com"
                }
            ],
            "description": "Symfony Console Component",
            "homepage": "http://symfony.com",
            "time": "2014-08-05 09:00:40"
        },
        {
            "name": "symfony/filesystem",
            "version": "v2.5.3",
            "target-dir": "Symfony/Component/Filesystem",
            "source": {
                "type": "git",
                "url": "https://github.com/symfony/Filesystem.git",
                "reference": "c1309b0ee195ad264a4314435bdaecdfacb8ae9c"
            },
            "dist": {
                "type": "zip",
                "url": "https://api.github.com/repos/symfony/Filesystem/zipball/c1309b0ee195ad264a4314435bdaecdfacb8ae9c",
                "reference": "c1309b0ee195ad264a4314435bdaecdfacb8ae9c",
                "shasum": ""
            },
            "require": {
                "php": ">=5.3.3"
            },
            "type": "library",
            "extra": {
                "branch-alias": {
                    "dev-master": "2.5-dev"
                }
            },
            "autoload": {
                "psr-0": {
                    "Symfony\\Component\\Filesystem\\": ""
                }
            },
            "notification-url": "https://packagist.org/downloads/",
            "license": [
                "MIT"
            ],
            "authors": [
                {
                    "name": "Symfony Community",
                    "homepage": "http://symfony.com/contributors"
                },
                {
                    "name": "Fabien Potencier",
                    "email": "fabien@symfony.com"
                }
            ],
            "description": "Symfony Filesystem Component",
            "homepage": "http://symfony.com",
            "time": "2014-07-09 09:05:48"
        },
        {
            "name": "symfony/yaml",
            "version": "v2.5.3",
            "target-dir": "Symfony/Component/Yaml",
            "source": {
                "type": "git",
                "url": "https://github.com/symfony/Yaml.git",
                "reference": "5a75366ae9ca8b4792cd0083e4ca4dff9fe96f1f"
            },
            "dist": {
                "type": "zip",
                "url": "https://api.github.com/repos/symfony/Yaml/zipball/5a75366ae9ca8b4792cd0083e4ca4dff9fe96f1f",
                "reference": "5a75366ae9ca8b4792cd0083e4ca4dff9fe96f1f",
                "shasum": ""
            },
            "require": {
                "php": ">=5.3.3"
            },
            "type": "library",
            "extra": {
                "branch-alias": {
                    "dev-master": "2.5-dev"
                }
            },
            "autoload": {
                "psr-0": {
                    "Symfony\\Component\\Yaml\\": ""
                }
            },
            "notification-url": "https://packagist.org/downloads/",
            "license": [
                "MIT"
            ],
            "authors": [
                {
                    "name": "Symfony Community",
                    "homepage": "http://symfony.com/contributors"
                },
                {
                    "name": "Fabien Potencier",
                    "email": "fabien@symfony.com"
                }
            ],
            "description": "Symfony Yaml Component",
            "homepage": "http://symfony.com",
            "time": "2014-08-05 09:00:40"
        },
        {
            "name": "zendframework/zendframework1",
            "version": "dev-master",
            "source": {
                "type": "git",
                "url": "https://github.com/zendframework/zf1.git",
<<<<<<< HEAD
                "reference": "cc2a2fea5da5709b83e2975f562b52993a107cd5"
            },
            "dist": {
                "type": "zip",
                "url": "https://api.github.com/repos/zendframework/zf1/zipball/cc2a2fea5da5709b83e2975f562b52993a107cd5",
                "reference": "cc2a2fea5da5709b83e2975f562b52993a107cd5",
=======
                "reference": "f7a5fd3c2b1b3a32a2c0caceccfbac4ca2823e60"
            },
            "dist": {
                "type": "zip",
                "url": "https://api.github.com/repos/zendframework/zf1/zipball/f7a5fd3c2b1b3a32a2c0caceccfbac4ca2823e60",
                "reference": "f7a5fd3c2b1b3a32a2c0caceccfbac4ca2823e60",
>>>>>>> 363865fc5ae06d0f5a6bcfdbe837399386770a89
                "shasum": ""
            },
            "require": {
                "php": ">=5.2.11"
            },
            "require-dev": {
                "phpunit/dbunit": "1.3.*",
                "phpunit/phpunit": "3.7.*"
            },
            "type": "library",
            "extra": {
                "branch-alias": {
                    "dev-master": "1.12.x-dev"
                }
            },
            "autoload": {
                "psr-0": {
                    "Zend_": "library/"
                }
            },
            "notification-url": "https://packagist.org/downloads/",
            "include-path": [
                "library/"
            ],
            "license": [
                "BSD-3-Clause"
            ],
            "description": "Zend Framework 1",
            "homepage": "http://framework.zend.com/",
            "keywords": [
                "ZF1",
                "framework"
            ],
<<<<<<< HEAD
            "time": "2014-03-22 13:19:46"
=======
            "time": "2014-07-31 13:49:33"
>>>>>>> 363865fc5ae06d0f5a6bcfdbe837399386770a89
        }
    ],
    "packages-dev": [
        {
            "name": "hamcrest/hamcrest-php",
            "version": "dev-master",
            "source": {
                "type": "git",
                "url": "https://github.com/hamcrest/hamcrest-php.git",
                "reference": "fe0aca1cdb3905a05dd8efb7947fc332f57a298b"
            },
            "dist": {
                "type": "zip",
                "url": "https://api.github.com/repos/hamcrest/hamcrest-php/zipball/fe0aca1cdb3905a05dd8efb7947fc332f57a298b",
                "reference": "fe0aca1cdb3905a05dd8efb7947fc332f57a298b",
                "shasum": ""
            },
            "require": {
                "php": ">=5.3.2"
            },
            "replace": {
                "cordoval/hamcrest-php": "*",
                "davedevelopment/hamcrest-php": "*",
                "kodova/hamcrest-php": "*"
            },
            "require-dev": {
                "phpunit/php-file-iterator": "1.3.3",
                "satooshi/php-coveralls": "dev-master"
            },
            "type": "library",
            "autoload": {
                "classmap": [
                    "hamcrest/",
                    "tests",
                    "generator"
                ]
            },
            "notification-url": "https://packagist.org/downloads/",
            "license": [
                "BSD"
            ],
            "description": "This is the PHP port of Hamcrest Matchers",
            "keywords": [
                "test"
            ],
            "time": "2013-12-31 14:32:30"
        },
        {
            "name": "mockery/mockery",
            "version": "dev-master",
            "source": {
                "type": "git",
                "url": "https://github.com/padraic/mockery.git",
                "reference": "eb1b9506b0f80a9d7d1b69841ff2ea53bb127297"
            },
            "dist": {
                "type": "zip",
                "url": "https://api.github.com/repos/padraic/mockery/zipball/eb1b9506b0f80a9d7d1b69841ff2ea53bb127297",
                "reference": "eb1b9506b0f80a9d7d1b69841ff2ea53bb127297",
                "shasum": ""
            },
            "require": {
                "lib-pcre": ">=7.0",
                "php": ">=5.3.2"
            },
            "require-dev": {
                "hamcrest/hamcrest-php": "~1.1",
                "phpunit/phpunit": "~4.0",
                "satooshi/php-coveralls": "~0.7@dev"
            },
            "type": "library",
            "extra": {
                "branch-alias": {
                    "dev-master": "0.9.x-dev"
                }
            },
            "autoload": {
                "psr-0": {
                    "Mockery": "library/"
                }
            },
            "notification-url": "https://packagist.org/downloads/",
            "license": [
                "BSD-3-Clause"
            ],
            "authors": [
                {
                    "name": "Pádraic Brady",
                    "email": "padraic.brady@gmail.com",
                    "homepage": "http://blog.astrumfutura.com"
                },
                {
                    "name": "Dave Marshall",
                    "email": "dave.marshall@atstsolutions.co.uk",
                    "homepage": "http://davedevelopment.co.uk"
                }
            ],
            "description": "Mockery is a simple yet flexible PHP mock object framework for use in unit testing with PHPUnit, PHPSpec or any other testing framework. Its core goal is to offer a test double framework with a succint API capable of clearly defining all possible object operations and interactions using a human readable Domain Specific Language (DSL). Designed as a drop in alternative to PHPUnit's phpunit-mock-objects library, Mockery is easy to integrate with PHPUnit and can operate alongside phpunit-mock-objects without the World ending.",
            "homepage": "http://github.com/padraic/mockery",
            "keywords": [
                "BDD",
                "TDD",
                "library",
                "mock",
                "mock objects",
                "mockery",
                "stub",
                "test",
                "test double",
                "testing"
            ],
            "time": "2014-08-08 12:49:13"
        }
    ],
    "aliases": [],
    "minimum-stability": "stable",
    "stability-flags": {
        "zendframework/zendframework1": 20,
        "dandart/amqp": 20,
        "mustache/mustache": 20,
        "dailymotion/sdk": 20,
        "robmorgan/phinx": 20,
        "mockery/mockery": 20,
        "hamcrest/hamcrest-php": 20
    },
    "prefer-stable": false,
    "platform": [],
    "platform-dev": []
}
